
Microsoft Visual Studio Solution File, Format Version 12.00
Project("{FAE04EC0-301F-11D3-BF4B-00C04F79EFBC}") = "MyGame", "MyGame\MyGame.csproj", "{267B8551-02FC-4618-9315-3CDD2C99A26F}"
EndProject
Global
	GlobalSection(SolutionConfigurationPlatforms) = preSolution
		Debug|Any CPU = Debug|Any CPU
		Release|Any CPU = Release|Any CPU
	EndGlobalSection
	GlobalSection(ProjectConfigurationPlatforms) = postSolution
		{267B8551-02FC-4618-9315-3CDD2C99A26F}.Debug|Any CPU.ActiveCfg = Debug|Any CPU
		{267B8551-02FC-4618-9315-3CDD2C99A26F}.Debug|Any CPU.Build.0 = Debug|Any CPU
		{267B8551-02FC-4618-9315-3CDD2C99A26F}.Release|Any CPU.ActiveCfg = Release|Any CPU
		{267B8551-02FC-4618-9315-3CDD2C99A26F}.Release|Any CPU.Build.0 = Release|Any CPU
	EndGlobalSection
EndGlobal
